
Microsoft Visual Studio Solution File, Format Version 12.00
# Visual Studio Version 17
VisualStudioVersion = 17.10.35013.160
MinimumVisualStudioVersion = 10.0.40219.1
Project("{2150E333-8FDC-42A3-9474-1A3956D46DE8}") = "Services", "Services", "{2F905678-248D-4141-B506-06724E95DE77}"
EndProject
Project("{2150E333-8FDC-42A3-9474-1A3956D46DE8}") = "Catalog", "Catalog", "{AD7374C7-4BA8-4C3F-AF97-E0FA110611F6}"
EndProject
Project("{FAE04EC0-301F-11D3-BF4B-00C04F79EFBC}") = "MultiShop.Catalog", "MultiShop.Catalog\MultiShop.Catalog.csproj", "{69332CF8-7772-465A-8A03-805220CF97F4}"
EndProject
Global
	GlobalSection(SolutionConfigurationPlatforms) = preSolution
		Debug|Any CPU = Debug|Any CPU
		Release|Any CPU = Release|Any CPU
	EndGlobalSection
	GlobalSection(ProjectConfigurationPlatforms) = postSolution
		{69332CF8-7772-465A-8A03-805220CF97F4}.Debug|Any CPU.ActiveCfg = Debug|Any CPU
		{69332CF8-7772-465A-8A03-805220CF97F4}.Debug|Any CPU.Build.0 = Debug|Any CPU
		{69332CF8-7772-465A-8A03-805220CF97F4}.Release|Any CPU.ActiveCfg = Release|Any CPU
		{69332CF8-7772-465A-8A03-805220CF97F4}.Release|Any CPU.Build.0 = Release|Any CPU
	EndGlobalSection
	GlobalSection(SolutionProperties) = preSolution
		HideSolutionNode = FALSE
	EndGlobalSection
	GlobalSection(NestedProjects) = preSolution
		{AD7374C7-4BA8-4C3F-AF97-E0FA110611F6} = {2F905678-248D-4141-B506-06724E95DE77}
		{69332CF8-7772-465A-8A03-805220CF97F4} = {AD7374C7-4BA8-4C3F-AF97-E0FA110611F6}
	EndGlobalSection
	GlobalSection(ExtensibilityGlobals) = postSolution
		SolutionGuid = {5B085954-5C14-4283-AD8C-D71C463087A6}
	EndGlobalSection
EndGlobal
