
Microsoft Visual Studio Solution File, Format Version 12.00
# Visual Studio Version 17
VisualStudioVersion = 17.10.35013.160
MinimumVisualStudioVersion = 10.0.40219.1
Project("{2150E333-8FDC-42A3-9474-1A3956D46DE8}") = "Services", "Services", "{2F905678-248D-4141-B506-06724E95DE77}"
EndProject
Project("{2150E333-8FDC-42A3-9474-1A3956D46DE8}") = "Catalog", "Catalog", "{AD7374C7-4BA8-4C3F-AF97-E0FA110611F6}"
EndProject
Project("{9A19103F-16F7-4668-BE54-9A1E7A4F7556}") = "MultiShop.Catalog", "MultiShop.Catalog\MultiShop.Catalog.csproj", "{69332CF8-7772-465A-8A03-805220CF97F4}"
EndProject
Project("{2150E333-8FDC-42A3-9474-1A3956D46DE8}") = "Discount", "Discount", "{E23FBBFA-E6DE-4A84-A00E-7F9CEC2F8A9C}"
EndProject
Project("{9A19103F-16F7-4668-BE54-9A1E7A4F7556}") = "MultiShop.Discount", "MultiShop.Discount\MultiShop.Discount.csproj", "{CCE929DB-8779-418D-8A48-6E9701CDC70D}"
EndProject
Project("{2150E333-8FDC-42A3-9474-1A3956D46DE8}") = "Order", "Order", "{056560A6-190A-49BE-B896-49A899F26E26}"
EndProject
Project("{2150E333-8FDC-42A3-9474-1A3956D46DE8}") = "Core", "Core", "{F2720651-0934-4D4A-902D-FC52DF75EF35}"
EndProject
Project("{2150E333-8FDC-42A3-9474-1A3956D46DE8}") = "Infrastructure", "Infrastructure", "{67DD43E8-700B-42E2-BE2A-776AC79F8CE4}"
EndProject
Project("{2150E333-8FDC-42A3-9474-1A3956D46DE8}") = "Presentation", "Presentation", "{176C0DD7-D05E-4DEA-8367-20E2259F20AC}"
EndProject
Project("{FAE04EC0-301F-11D3-BF4B-00C04F79EFBC}") = "MultiShop.Order.Domain", "MultiShop.Order.Domain\MultiShop.Order.Domain.csproj", "{56B4CB4D-D13C-4A2A-AE72-E13E2B35F61C}"
EndProject
Project("{FAE04EC0-301F-11D3-BF4B-00C04F79EFBC}") = "MultiShop.Order.Application", "MultiShop.Order.Application\MultiShop.Order.Application.csproj", "{81AE0EBC-80F0-47D2-BA33-4AA9258056BC}"
EndProject
Project("{FAE04EC0-301F-11D3-BF4B-00C04F79EFBC}") = "MultiShop.Order.Persistence", "MultiShop.Order.Persistence\MultiShop.Order.Persistence.csproj", "{9EA9C54E-A9F8-4E83-B86E-7B3918EBB0D2}"
EndProject
Project("{FAE04EC0-301F-11D3-BF4B-00C04F79EFBC}") = "MultiShop.Order.WebApi", "MultiShop.Order.WebApi\MultiShop.Order.WebApi.csproj", "{EE9EB6E0-8905-4653-99ED-7F4F4A43F35D}"
EndProject
Global
	GlobalSection(SolutionConfigurationPlatforms) = preSolution
		Debug|Any CPU = Debug|Any CPU
		Release|Any CPU = Release|Any CPU
	EndGlobalSection
	GlobalSection(ProjectConfigurationPlatforms) = postSolution
		{69332CF8-7772-465A-8A03-805220CF97F4}.Debug|Any CPU.ActiveCfg = Debug|Any CPU
		{69332CF8-7772-465A-8A03-805220CF97F4}.Debug|Any CPU.Build.0 = Debug|Any CPU
		{69332CF8-7772-465A-8A03-805220CF97F4}.Release|Any CPU.ActiveCfg = Release|Any CPU
		{69332CF8-7772-465A-8A03-805220CF97F4}.Release|Any CPU.Build.0 = Release|Any CPU
		{CCE929DB-8779-418D-8A48-6E9701CDC70D}.Debug|Any CPU.ActiveCfg = Debug|Any CPU
		{CCE929DB-8779-418D-8A48-6E9701CDC70D}.Debug|Any CPU.Build.0 = Debug|Any CPU
		{CCE929DB-8779-418D-8A48-6E9701CDC70D}.Release|Any CPU.ActiveCfg = Release|Any CPU
		{CCE929DB-8779-418D-8A48-6E9701CDC70D}.Release|Any CPU.Build.0 = Release|Any CPU
		{56B4CB4D-D13C-4A2A-AE72-E13E2B35F61C}.Debug|Any CPU.ActiveCfg = Debug|Any CPU
		{56B4CB4D-D13C-4A2A-AE72-E13E2B35F61C}.Debug|Any CPU.Build.0 = Debug|Any CPU
		{56B4CB4D-D13C-4A2A-AE72-E13E2B35F61C}.Release|Any CPU.ActiveCfg = Release|Any CPU
		{56B4CB4D-D13C-4A2A-AE72-E13E2B35F61C}.Release|Any CPU.Build.0 = Release|Any CPU
		{81AE0EBC-80F0-47D2-BA33-4AA9258056BC}.Debug|Any CPU.ActiveCfg = Debug|Any CPU
		{81AE0EBC-80F0-47D2-BA33-4AA9258056BC}.Debug|Any CPU.Build.0 = Debug|Any CPU
		{81AE0EBC-80F0-47D2-BA33-4AA9258056BC}.Release|Any CPU.ActiveCfg = Release|Any CPU
		{81AE0EBC-80F0-47D2-BA33-4AA9258056BC}.Release|Any CPU.Build.0 = Release|Any CPU
		{9EA9C54E-A9F8-4E83-B86E-7B3918EBB0D2}.Debug|Any CPU.ActiveCfg = Debug|Any CPU
		{9EA9C54E-A9F8-4E83-B86E-7B3918EBB0D2}.Debug|Any CPU.Build.0 = Debug|Any CPU
		{9EA9C54E-A9F8-4E83-B86E-7B3918EBB0D2}.Release|Any CPU.ActiveCfg = Release|Any CPU
		{9EA9C54E-A9F8-4E83-B86E-7B3918EBB0D2}.Release|Any CPU.Build.0 = Release|Any CPU
		{EE9EB6E0-8905-4653-99ED-7F4F4A43F35D}.Debug|Any CPU.ActiveCfg = Debug|Any CPU
		{EE9EB6E0-8905-4653-99ED-7F4F4A43F35D}.Debug|Any CPU.Build.0 = Debug|Any CPU
		{EE9EB6E0-8905-4653-99ED-7F4F4A43F35D}.Release|Any CPU.ActiveCfg = Release|Any CPU
		{EE9EB6E0-8905-4653-99ED-7F4F4A43F35D}.Release|Any CPU.Build.0 = Release|Any CPU
	EndGlobalSection
	GlobalSection(SolutionProperties) = preSolution
		HideSolutionNode = FALSE
	EndGlobalSection
	GlobalSection(NestedProjects) = preSolution
		{AD7374C7-4BA8-4C3F-AF97-E0FA110611F6} = {2F905678-248D-4141-B506-06724E95DE77}
		{69332CF8-7772-465A-8A03-805220CF97F4} = {AD7374C7-4BA8-4C3F-AF97-E0FA110611F6}
		{E23FBBFA-E6DE-4A84-A00E-7F9CEC2F8A9C} = {2F905678-248D-4141-B506-06724E95DE77}
		{CCE929DB-8779-418D-8A48-6E9701CDC70D} = {E23FBBFA-E6DE-4A84-A00E-7F9CEC2F8A9C}
		{056560A6-190A-49BE-B896-49A899F26E26} = {2F905678-248D-4141-B506-06724E95DE77}
		{F2720651-0934-4D4A-902D-FC52DF75EF35} = {056560A6-190A-49BE-B896-49A899F26E26}
		{67DD43E8-700B-42E2-BE2A-776AC79F8CE4} = {056560A6-190A-49BE-B896-49A899F26E26}
		{176C0DD7-D05E-4DEA-8367-20E2259F20AC} = {056560A6-190A-49BE-B896-49A899F26E26}
		{56B4CB4D-D13C-4A2A-AE72-E13E2B35F61C} = {F2720651-0934-4D4A-902D-FC52DF75EF35}
		{81AE0EBC-80F0-47D2-BA33-4AA9258056BC} = {F2720651-0934-4D4A-902D-FC52DF75EF35}
		{9EA9C54E-A9F8-4E83-B86E-7B3918EBB0D2} = {67DD43E8-700B-42E2-BE2A-776AC79F8CE4}
		{EE9EB6E0-8905-4653-99ED-7F4F4A43F35D} = {176C0DD7-D05E-4DEA-8367-20E2259F20AC}
	EndGlobalSection
	GlobalSection(ExtensibilityGlobals) = postSolution
		SolutionGuid = {5B085954-5C14-4283-AD8C-D71C463087A6}
	EndGlobalSection
EndGlobal
